// !$*UTF8*$!
{
	archiveVersion = 1;
	classes = {
	};
	objectVersion = 46;
	objects = {

/* Begin PBXBuildFile section */
		7439F96C1D93B63D00B23FAC /* VideoCell.m in Sources */ = {isa = PBXBuildFile; fileRef = 7439F96B1D93B63D00B23FAC /* VideoCell.m */; };
		7439F96F1D93B7DE00B23FAC /* VideoTask.m in Sources */ = {isa = PBXBuildFile; fileRef = 7439F96E1D93B7DE00B23FAC /* VideoTask.m */; };
		7476649F1D89535600C21486 /* main.m in Sources */ = {isa = PBXBuildFile; fileRef = 7476649E1D89535600C21486 /* main.m */; };
		747664A21D89535600C21486 /* AppDelegate.m in Sources */ = {isa = PBXBuildFile; fileRef = 747664A11D89535600C21486 /* AppDelegate.m */; };
		747664A51D89535600C21486 /* HomeViewController.m in Sources */ = {isa = PBXBuildFile; fileRef = 747664A41D89535600C21486 /* HomeViewController.m */; };
		747664A81D89535600C21486 /* Main.storyboard in Resources */ = {isa = PBXBuildFile; fileRef = 747664A61D89535600C21486 /* Main.storyboard */; };
		747664AA1D89535600C21486 /* Assets.xcassets in Resources */ = {isa = PBXBuildFile; fileRef = 747664A91D89535600C21486 /* Assets.xcassets */; };
		747664AD1D89535600C21486 /* LaunchScreen.storyboard in Resources */ = {isa = PBXBuildFile; fileRef = 747664AB1D89535600C21486 /* LaunchScreen.storyboard */; };
		747664C01D8953DE00C21486 /* CKDownloadManager.m in Sources */ = {isa = PBXBuildFile; fileRef = 747664BD1D8953DE00C21486 /* CKDownloadManager.m */; };
		747664C11D8953DE00C21486 /* CKDownloadTask.m in Sources */ = {isa = PBXBuildFile; fileRef = 747664BF1D8953DE00C21486 /* CKDownloadTask.m */; };
/* End PBXBuildFile section */

/* Begin PBXFileReference section */
		7439F96A1D93B63D00B23FAC /* VideoCell.h */ = {isa = PBXFileReference; fileEncoding = 4; lastKnownFileType = sourcecode.c.h; path = VideoCell.h; sourceTree = "<group>"; };
		7439F96B1D93B63D00B23FAC /* VideoCell.m */ = {isa = PBXFileReference; fileEncoding = 4; lastKnownFileType = sourcecode.c.objc; path = VideoCell.m; sourceTree = "<group>"; };
		7439F96D1D93B7DE00B23FAC /* VideoTask.h */ = {isa = PBXFileReference; fileEncoding = 4; lastKnownFileType = sourcecode.c.h; path = VideoTask.h; sourceTree = "<group>"; };
		7439F96E1D93B7DE00B23FAC /* VideoTask.m */ = {isa = PBXFileReference; fileEncoding = 4; lastKnownFileType = sourcecode.c.objc; path = VideoTask.m; sourceTree = "<group>"; };
		7476649A1D89535600C21486 /* CKDownloader.app */ = {isa = PBXFileReference; explicitFileType = wrapper.application; includeInIndex = 0; path = CKDownloader.app; sourceTree = BUILT_PRODUCTS_DIR; };
		7476649E1D89535600C21486 /* main.m */ = {isa = PBXFileReference; lastKnownFileType = sourcecode.c.objc; path = main.m; sourceTree = "<group>"; };
		747664A01D89535600C21486 /* AppDelegate.h */ = {isa = PBXFileReference; lastKnownFileType = sourcecode.c.h; path = AppDelegate.h; sourceTree = "<group>"; };
		747664A11D89535600C21486 /* AppDelegate.m */ = {isa = PBXFileReference; lastKnownFileType = sourcecode.c.objc; path = AppDelegate.m; sourceTree = "<group>"; };
		747664A31D89535600C21486 /* HomeViewController.h */ = {isa = PBXFileReference; lastKnownFileType = sourcecode.c.h; path = HomeViewController.h; sourceTree = "<group>"; };
		747664A41D89535600C21486 /* HomeViewController.m */ = {isa = PBXFileReference; lastKnownFileType = sourcecode.c.objc; path = HomeViewController.m; sourceTree = "<group>"; };
		747664A71D89535600C21486 /* Base */ = {isa = PBXFileReference; lastKnownFileType = file.storyboard; name = Base; path = Base.lproj/Main.storyboard; sourceTree = "<group>"; };
		747664A91D89535600C21486 /* Assets.xcassets */ = {isa = PBXFileReference; lastKnownFileType = folder.assetcatalog; path = Assets.xcassets; sourceTree = "<group>"; };
		747664AC1D89535600C21486 /* Base */ = {isa = PBXFileReference; lastKnownFileType = file.storyboard; name = Base; path = Base.lproj/LaunchScreen.storyboard; sourceTree = "<group>"; };
		747664AE1D89535600C21486 /* Info.plist */ = {isa = PBXFileReference; lastKnownFileType = text.plist.xml; path = Info.plist; sourceTree = "<group>"; };
		747664BC1D8953DE00C21486 /* CKDownloadManager.h */ = {isa = PBXFileReference; fileEncoding = 4; lastKnownFileType = sourcecode.c.h; path = CKDownloadManager.h; sourceTree = "<group>"; };
		747664BD1D8953DE00C21486 /* CKDownloadManager.m */ = {isa = PBXFileReference; fileEncoding = 4; lastKnownFileType = sourcecode.c.objc; path = CKDownloadManager.m; sourceTree = "<group>"; };
		747664BE1D8953DE00C21486 /* CKDownloadTask.h */ = {isa = PBXFileReference; fileEncoding = 4; lastKnownFileType = sourcecode.c.h; path = CKDownloadTask.h; sourceTree = "<group>"; };
		747664BF1D8953DE00C21486 /* CKDownloadTask.m */ = {isa = PBXFileReference; fileEncoding = 4; lastKnownFileType = sourcecode.c.objc; path = CKDownloadTask.m; sourceTree = "<group>"; };
/* End PBXFileReference section */

/* Begin PBXFrameworksBuildPhase section */
		747664971D89535600C21486 /* Frameworks */ = {
			isa = PBXFrameworksBuildPhase;
			buildActionMask = 2147483647;
			files = (
			);
			runOnlyForDeploymentPostprocessing = 0;
		};
/* End PBXFrameworksBuildPhase section */

/* Begin PBXGroup section */
		7439F9671D93B5A100B23FAC /* Controller */ = {
			isa = PBXGroup;
			children = (
				747664A31D89535600C21486 /* HomeViewController.h */,
				747664A41D89535600C21486 /* HomeViewController.m */,
				747664A61D89535600C21486 /* Main.storyboard */,
			);
			name = Controller;
			sourceTree = "<group>";
		};
		7439F9681D93B5B800B23FAC /* View */ = {
			isa = PBXGroup;
			children = (
				7439F96A1D93B63D00B23FAC /* VideoCell.h */,
				7439F96B1D93B63D00B23FAC /* VideoCell.m */,
			);
			name = View;
			sourceTree = "<group>";
		};
		7439F9691D93B5C000B23FAC /* Model */ = {
			isa = PBXGroup;
			children = (
				7439F96D1D93B7DE00B23FAC /* VideoTask.h */,
				7439F96E1D93B7DE00B23FAC /* VideoTask.m */,
			);
			name = Model;
			sourceTree = "<group>";
		};
		747664911D89535600C21486 = {
			isa = PBXGroup;
			children = (
				7476649C1D89535600C21486 /* CKDownloader */,
				7476649B1D89535600C21486 /* Products */,
			);
			sourceTree = "<group>";
		};
		7476649B1D89535600C21486 /* Products */ = {
			isa = PBXGroup;
			children = (
				7476649A1D89535600C21486 /* CKDownloader.app */,
			);
			name = Products;
			sourceTree = "<group>";
		};
		7476649C1D89535600C21486 /* CKDownloader */ = {
			isa = PBXGroup;
			children = (
				747664A01D89535600C21486 /* AppDelegate.h */,
				747664A11D89535600C21486 /* AppDelegate.m */,
				7439F9671D93B5A100B23FAC /* Controller */,
				7439F9681D93B5B800B23FAC /* View */,
				7439F9691D93B5C000B23FAC /* Model */,
				747664BB1D8953DE00C21486 /* CKDownloadManager */,
				7476649D1D89535600C21486 /* Supporting Files */,
			);
			path = CKDownloader;
			sourceTree = "<group>";
		};
		7476649D1D89535600C21486 /* Supporting Files */ = {
			isa = PBXGroup;
			children = (
				7476649E1D89535600C21486 /* main.m */,
				747664A91D89535600C21486 /* Assets.xcassets */,
				747664AB1D89535600C21486 /* LaunchScreen.storyboard */,
				747664AE1D89535600C21486 /* Info.plist */,
			);
			name = "Supporting Files";
			sourceTree = "<group>";
		};
		747664BB1D8953DE00C21486 /* CKDownloadManager */ = {
			isa = PBXGroup;
			children = (
				747664BC1D8953DE00C21486 /* CKDownloadManager.h */,
				747664BD1D8953DE00C21486 /* CKDownloadManager.m */,
				747664BE1D8953DE00C21486 /* CKDownloadTask.h */,
				747664BF1D8953DE00C21486 /* CKDownloadTask.m */,
			);
			path = CKDownloadManager;
			sourceTree = "<group>";
		};
/* End PBXGroup section */

/* Begin PBXNativeTarget section */
		747664991D89535600C21486 /* CKDownloader */ = {
			isa = PBXNativeTarget;
			buildConfigurationList = 747664B11D89535600C21486 /* Build configuration list for PBXNativeTarget "CKDownloader" */;
			buildPhases = (
				747664961D89535600C21486 /* Sources */,
				747664971D89535600C21486 /* Frameworks */,
				747664981D89535600C21486 /* Resources */,
			);
			buildRules = (
			);
			dependencies = (
			);
			name = CKDownloader;
			productName = CKDownloader;
			productReference = 7476649A1D89535600C21486 /* CKDownloader.app */;
			productType = "com.apple.product-type.application";
		};
/* End PBXNativeTarget section */

/* Begin PBXProject section */
		747664921D89535600C21486 /* Project object */ = {
			isa = PBXProject;
			attributes = {
				LastUpgradeCheck = 0800;
				ORGANIZATIONNAME = "陈凯";
				TargetAttributes = {
					747664991D89535600C21486 = {
						CreatedOnToolsVersion = 7.3.1;
						DevelopmentTeam = UQUP92XAFZ;
						ProvisioningStyle = Manual;
					};
				};
			};
			buildConfigurationList = 747664951D89535600C21486 /* Build configuration list for PBXProject "CKDownloader" */;
			compatibilityVersion = "Xcode 3.2";
			developmentRegion = English;
			hasScannedForEncodings = 0;
			knownRegions = (
				en,
				Base,
			);
			mainGroup = 747664911D89535600C21486;
			productRefGroup = 7476649B1D89535600C21486 /* Products */;
			projectDirPath = "";
			projectRoot = "";
			targets = (
				747664991D89535600C21486 /* CKDownloader */,
			);
		};
/* End PBXProject section */

/* Begin PBXResourcesBuildPhase section */
		747664981D89535600C21486 /* Resources */ = {
			isa = PBXResourcesBuildPhase;
			buildActionMask = 2147483647;
			files = (
				747664AD1D89535600C21486 /* LaunchScreen.storyboard in Resources */,
				747664AA1D89535600C21486 /* Assets.xcassets in Resources */,
				747664A81D89535600C21486 /* Main.storyboard in Resources */,
			);
			runOnlyForDeploymentPostprocessing = 0;
		};
/* End PBXResourcesBuildPhase section */

/* Begin PBXSourcesBuildPhase section */
		747664961D89535600C21486 /* Sources */ = {
			isa = PBXSourcesBuildPhase;
			buildActionMask = 2147483647;
			files = (
				747664A51D89535600C21486 /* HomeViewController.m in Sources */,
				7439F96C1D93B63D00B23FAC /* VideoCell.m in Sources */,
				747664C11D8953DE00C21486 /* CKDownloadTask.m in Sources */,
				747664A21D89535600C21486 /* AppDelegate.m in Sources */,
				747664C01D8953DE00C21486 /* CKDownloadManager.m in Sources */,
				7476649F1D89535600C21486 /* main.m in Sources */,
				7439F96F1D93B7DE00B23FAC /* VideoTask.m in Sources */,
			);
			runOnlyForDeploymentPostprocessing = 0;
		};
/* End PBXSourcesBuildPhase section */

/* Begin PBXVariantGroup section */
		747664A61D89535600C21486 /* Main.storyboard */ = {
			isa = PBXVariantGroup;
			children = (
				747664A71D89535600C21486 /* Base */,
			);
			name = Main.storyboard;
			sourceTree = "<group>";
		};
		747664AB1D89535600C21486 /* LaunchScreen.storyboard */ = {
			isa = PBXVariantGroup;
			children = (
				747664AC1D89535600C21486 /* Base */,
			);
			name = LaunchScreen.storyboard;
			sourceTree = "<group>";
		};
/* End PBXVariantGroup section */

/* Begin XCBuildConfiguration section */
		747664AF1D89535600C21486 /* Debug */ = {
			isa = XCBuildConfiguration;
			buildSettings = {
				ALWAYS_SEARCH_USER_PATHS = NO;
				CLANG_ANALYZER_NONNULL = YES;
				CLANG_CXX_LANGUAGE_STANDARD = "gnu++0x";
				CLANG_CXX_LIBRARY = "libc++";
				CLANG_ENABLE_MODULES = YES;
				CLANG_ENABLE_OBJC_ARC = YES;
				CLANG_WARN_BOOL_CONVERSION = YES;
				CLANG_WARN_CONSTANT_CONVERSION = YES;
				CLANG_WARN_DIRECT_OBJC_ISA_USAGE = YES_ERROR;
				CLANG_WARN_EMPTY_BODY = YES;
				CLANG_WARN_ENUM_CONVERSION = YES;
				CLANG_WARN_INFINITE_RECURSION = YES;
				CLANG_WARN_INT_CONVERSION = YES;
				CLANG_WARN_OBJC_ROOT_CLASS = YES_ERROR;
				CLANG_WARN_SUSPICIOUS_MOVE = YES;
				CLANG_WARN_UNREACHABLE_CODE = YES;
				CLANG_WARN__DUPLICATE_METHOD_MATCH = YES;
				"CODE_SIGN_IDENTITY[sdk=iphoneos*]" = "iPhone Developer";
				COPY_PHASE_STRIP = NO;
				DEBUG_INFORMATION_FORMAT = dwarf;
				ENABLE_STRICT_OBJC_MSGSEND = YES;
				ENABLE_TESTABILITY = YES;
				GCC_C_LANGUAGE_STANDARD = gnu99;
				GCC_DYNAMIC_NO_PIC = NO;
				GCC_NO_COMMON_BLOCKS = YES;
				GCC_OPTIMIZATION_LEVEL = 0;
				GCC_PREPROCESSOR_DEFINITIONS = (
					"DEBUG=1",
					"$(inherited)",
				);
				GCC_WARN_64_TO_32_BIT_CONVERSION = YES;
				GCC_WARN_ABOUT_RETURN_TYPE = YES_ERROR;
				GCC_WARN_UNDECLARED_SELECTOR = YES;
				GCC_WARN_UNINITIALIZED_AUTOS = YES_AGGRESSIVE;
				GCC_WARN_UNUSED_FUNCTION = YES;
				GCC_WARN_UNUSED_VARIABLE = YES;
				IPHONEOS_DEPLOYMENT_TARGET = 9.3;
				MTL_ENABLE_DEBUG_INFO = YES;
				ONLY_ACTIVE_ARCH = YES;
				SDKROOT = iphoneos;
				TARGETED_DEVICE_FAMILY = "1,2";
			};
			name = Debug;
		};
		747664B01D89535600C21486 /* Release */ = {
			isa = XCBuildConfiguration;
			buildSettings = {
				ALWAYS_SEARCH_USER_PATHS = NO;
				CLANG_ANALYZER_NONNULL = YES;
				CLANG_CXX_LANGUAGE_STANDARD = "gnu++0x";
				CLANG_CXX_LIBRARY = "libc++";
				CLANG_ENABLE_MODULES = YES;
				CLANG_ENABLE_OBJC_ARC = YES;
				CLANG_WARN_BOOL_CONVERSION = YES;
				CLANG_WARN_CONSTANT_CONVERSION = YES;
				CLANG_WARN_DIRECT_OBJC_ISA_USAGE = YES_ERROR;
				CLANG_WARN_EMPTY_BODY = YES;
				CLANG_WARN_ENUM_CONVERSION = YES;
				CLANG_WARN_INFINITE_RECURSION = YES;
				CLANG_WARN_INT_CONVERSION = YES;
				CLANG_WARN_OBJC_ROOT_CLASS = YES_ERROR;
				CLANG_WARN_SUSPICIOUS_MOVE = YES;
				CLANG_WARN_UNREACHABLE_CODE = YES;
				CLANG_WARN__DUPLICATE_METHOD_MATCH = YES;
				"CODE_SIGN_IDENTITY[sdk=iphoneos*]" = "iPhone Developer";
				COPY_PHASE_STRIP = NO;
				DEBUG_INFORMATION_FORMAT = "dwarf-with-dsym";
				ENABLE_NS_ASSERTIONS = NO;
				ENABLE_STRICT_OBJC_MSGSEND = YES;
				GCC_C_LANGUAGE_STANDARD = gnu99;
				GCC_NO_COMMON_BLOCKS = YES;
				GCC_WARN_64_TO_32_BIT_CONVERSION = YES;
				GCC_WARN_ABOUT_RETURN_TYPE = YES_ERROR;
				GCC_WARN_UNDECLARED_SELECTOR = YES;
				GCC_WARN_UNINITIALIZED_AUTOS = YES_AGGRESSIVE;
				GCC_WARN_UNUSED_FUNCTION = YES;
				GCC_WARN_UNUSED_VARIABLE = YES;
				IPHONEOS_DEPLOYMENT_TARGET = 9.3;
				MTL_ENABLE_DEBUG_INFO = NO;
				SDKROOT = iphoneos;
				TARGETED_DEVICE_FAMILY = "1,2";
				VALIDATE_PRODUCT = YES;
			};
			name = Release;
		};
		747664B21D89535600C21486 /* Debug */ = {
			isa = XCBuildConfiguration;
			buildSettings = {
				ASSETCATALOG_COMPILER_APPICON_NAME = AppIcon;
				DEVELOPMENT_TEAM = UQUP92XAFZ;
				INFOPLIST_FILE = CKDownloader/Info.plist;
				LD_RUNPATH_SEARCH_PATHS = "$(inherited) @executable_path/Frameworks";
				PRODUCT_BUNDLE_IDENTIFIER = com.MrChen.CKDownloader;
				PRODUCT_NAME = "$(TARGET_NAME)";
				PROVISIONING_PROFILE = "fbfb044f-0dff-4a9c-9498-e235599df49d";
				PROVISIONING_PROFILE_SPECIFIER = "包含所有设备的测试证书";
			};
			name = Debug;
		};
		747664B31D89535600C21486 /* Release */ = {
			isa = XCBuildConfiguration;
			buildSettings = {
				ASSETCATALOG_COMPILER_APPICON_NAME = AppIcon;
				DEVELOPMENT_TEAM = UQUP92XAFZ;
				INFOPLIST_FILE = CKDownloader/Info.plist;
				LD_RUNPATH_SEARCH_PATHS = "$(inherited) @executable_path/Frameworks";
				PRODUCT_BUNDLE_IDENTIFIER = com.MrChen.CKDownloader;
				PRODUCT_NAME = "$(TARGET_NAME)";
				PROVISIONING_PROFILE = "fbfb044f-0dff-4a9c-9498-e235599df49d";
				PROVISIONING_PROFILE_SPECIFIER = "包含所有设备的测试证书";
			};
			name = Release;
		};
/* End XCBuildConfiguration section */

/* Begin XCConfigurationList section */
		747664951D89535600C21486 /* Build configuration list for PBXProject "CKDownloader" */ = {
			isa = XCConfigurationList;
			buildConfigurations = (
				747664AF1D89535600C21486 /* Debug */,
				747664B01D89535600C21486 /* Release */,
			);
			defaultConfigurationIsVisible = 0;
			defaultConfigurationName = Release;
		};
		747664B11D89535600C21486 /* Build configuration list for PBXNativeTarget "CKDownloader" */ = {
			isa = XCConfigurationList;
			buildConfigurations = (
				747664B21D89535600C21486 /* Debug */,
				747664B31D89535600C21486 /* Release */,
			);
			defaultConfigurationIsVisible = 0;
			defaultConfigurationName = Release;
		};
/* End XCConfigurationList section */
	};
	rootObject = 747664921D89535600C21486 /* Project object */;
}
